{
  "name": "antifraud-gateway",
  "version": "2.1.1",
  "lockfileVersion": 3,
  "requires": true,
  "packages": {
    "": {
      "name": "antifraud-gateway",
      "version": "2.1.1",
      "dependencies": {
        "@cloudflare/itty-router-openapi": "^1.1.1",
        "itty-router": "^5.0.22"
      },
      "devDependencies": {
        "@cloudflare/workers-types": "^4.20251209.0",
        "typescript": "^5.9.3"
      }
    },
    "node_modules/@asteasolutions/zod-to-openapi": {
      "version": "6.4.0",
      "resolved": "https://registry.npmjs.org/@asteasolutions/zod-to-openapi/-/zod-to-openapi-6.4.0.tgz",
      "integrity": "sha512-8cxfF7AHHx2PqnN4Cd8/O8CBu/nVYJP9DpnfVLW3BFb66VJDnqI/CczZnkqMc3SNh6J9GiX7JbJ5T4BSP4HZ2Q==",
      "license": "MIT",
      "dependencies": {
        "openapi3-ts": "^4.1.2"
      },
      "peerDependencies": {
        "zod": "^3.20.2"
      }
    },
    "node_modules/@cloudflare/itty-router-openapi": {
      "version": "1.1.1",
      "resolved": "https://registry.npmjs.org/@cloudflare/itty-router-openapi/-/itty-router-openapi-1.1.1.tgz",
      "integrity": "sha512-iJKV7vIaJctMykyiNC89W+ZR3cQ5q8tQL1rVejtkXSj+/AuJYX0l7NrrM3D3u+SijbvsNsNMjFsoCGIzG7tpmQ==",
      "license": "MIT",
      "dependencies": {
        "@asteasolutions/zod-to-openapi": "^6.4.0",
        "itty-router": "4.0.26",
        "js-yaml": "^4.1.0",
        "openapi3-ts": "^4.1.2",
        "zod": "^3.21.4"
      }
    },
    "node_modules/@cloudflare/itty-router-openapi/node_modules/itty-router": {
      "version": "4.0.26",
      "resolved": "https://registry.npmjs.org/itty-router/-/itty-router-4.0.26.tgz",
      "integrity": "sha512-GBcmhxQRvIQ7fuzXPlvfeQcN6O7VGhctzdG9WHIcEcaRYH4FvDpMxuSWRIAxQrIM+nxtfxK0/bR78ATvb4LC5Q==",
      "license": "MIT"
    },
    "node_modules/@cloudflare/workers-types": {
      "version": "4.20251209.0",
      "resolved": "https://registry.npmjs.org/@cloudflare/workers-types/-/workers-types-4.20251209.0.tgz",
      "integrity": "sha512-O+cbUVwgb4NgUB39R1cITbRshlAAPy1UQV0l8xEy2xcZ3wTh3fMl9f5oBwLsVmE9JRhIZx6llCLOBVf53eI5xA==",
      "dev": true,
      "license": "MIT OR Apache-2.0"
    },
    "node_modules/argparse": {
      "version": "2.0.1",
      "resolved": "https://registry.npmjs.org/argparse/-/argparse-2.0.1.tgz",
      "integrity": "sha512-8+9WqebbFzpX9OR+Wa6O29asIogeRMzcGtAINdpMHHyAg10f05aSFVBbcEqGf/PXw1EjAZ+q2/bEBg3DvurK3Q==",
      "license": "Python-2.0"
    },
    "node_modules/itty-router": {
      "version": "5.0.22",
      "resolved": "https://registry.npmjs.org/itty-router/-/itty-router-5.0.22.tgz",
      "integrity": "sha512-9hmdGErWdYDOurGYxSbqLhy4EFReIwk71hMZTJ5b+zfa2zjMNV1ftFno2b8VjAQvX615gNB8Qxbl9JMRqHnIVA==",
      "license": "MIT"
    },
    "node_modules/js-yaml": {
      "version": "4.1.1",
      "resolved": "https://registry.npmjs.org/js-yaml/-/js-yaml-4.1.1.tgz",
      "integrity": "sha512-qQKT4zQxXl8lLwBtHMWwaTcGfFOZviOJet3Oy/xmGk2gZH677CJM9EvtfdSkgWcATZhj/55JZ0rmy3myCT5lsA==",
      "license": "MIT",
      "dependencies": {
        "argparse": "^2.0.1"
      },
      "bin": {
        "js-yaml": "bin/js-yaml.js"
      }
    },
    "node_modules/openapi3-ts": {
      "version": "4.5.0",
      "resolved": "https://registry.npmjs.org/openapi3-ts/-/openapi3-ts-4.5.0.tgz",
      "integrity": "sha512-jaL+HgTq2Gj5jRcfdutgRGLosCy/hT8sQf6VOy+P+g36cZOjI1iukdPnijC+4CmeRzg/jEllJUboEic2FhxhtQ==",
      "license": "MIT",
      "dependencies": {
        "yaml": "^2.8.0"
      }
    },
    "node_modules/typescript": {
      "version": "5.9.3",
      "resolved": "https://registry.npmjs.org/typescript/-/typescript-5.9.3.tgz",
      "integrity": "sha512-jl1vZzPDinLr9eUt3J/t7V6FgNEw9QjvBPdysz9KfQDD41fQrC2Y4vKQdiaUpFT4bXlb1RHhLpp8wtm6M5TgSw==",
      "dev": true,
      "license": "Apache-2.0",
      "bin": {
        "tsc": "bin/tsc",
        "tsserver": "bin/tsserver"
      },
      "engines": {
        "node": ">=14.17"
      }
    },
    "node_modules/yaml": {
      "version": "2.8.2",
      "resolved": "https://registry.npmjs.org/yaml/-/yaml-2.8.2.tgz",
      "integrity": "sha512-mplynKqc1C2hTVYxd0PU2xQAc22TI1vShAYGksCCfxbn/dFwnHTNi1bvYsBTkhdUNtGIf5xNOg938rrSSYvS9A==",
      "license": "ISC",
      "bin": {
        "yaml": "bin.mjs"
      },
      "engines": {
        "node": ">= 14.6"
      },
      "funding": {
        "url": "https://github.com/sponsors/eemeli"
      }
    },
    "node_modules/zod": {
      "version": "3.25.76",
      "resolved": "https://registry.npmjs.org/zod/-/zod-3.25.76.tgz",
      "integrity": "sha512-gzUt/qt81nXsFGKIFcC3YnfEAx5NkunCfnDlvuBSSFS02bcXu4Lmea0AFIUwbLWxWPx3d9p8S5QoaujKcNQxcQ==",
      "license": "MIT",
      "funding": {
        "url": "https://github.com/sponsors/colinhacks"
      }
    }
  }
}
